
Microsoft Visual Studio Solution File, Format Version 12.00
# Visual Studio Version 17
VisualStudioVersion = 17.14.36414.22
MinimumVisualStudioVersion = 10.0.40219.1
Project("{FAE04EC0-301F-11D3-BF4B-00C04F79EFBC}") = "BackendProject", "BackendProject\BackendProject.csproj", "{80D53675-E399-8271-9BB4-0E14B38ABD48}"
EndProject
Project("{FAE04EC0-301F-11D3-BF4B-00C04F79EFBC}") = "BackendProject.AppHost", "BackendProject.AppHost\BackendProject.AppHost.csproj", "{9AB1B45E-7593-4E1D-8ACB-4A5D13ED81BC}"
EndProject
Project("{FAE04EC0-301F-11D3-BF4B-00C04F79EFBC}") = "BackendProject.ServiceDefaults", "BackendProject.ServiceDefaults\BackendProject.ServiceDefaults.csproj", "{0EF131E2-4B0F-5BAC-8602-D7EBC786CCD4}"
EndProject
Project("{2150E333-8FDC-42A3-9474-1A3956D46DE8}") = "Modules", "Modules", "{02EA681E-C7D8-13C7-8484-4AC65E1B71E8}"
EndProject
Project("{2150E333-8FDC-42A3-9474-1A3956D46DE8}") = "Inventory", "Inventory", "{12618300-7A4E-41FA-9251-B7A50F5231CF}"
EndProject
Project("{2150E333-8FDC-42A3-9474-1A3956D46DE8}") = "Order", "Order", "{9C709DCF-715A-44CE-8A55-A108271201DE}"
EndProject
Project("{FAE04EC0-301F-11D3-BF4B-00C04F79EFBC}") = "Presentation", "Presentation\Presentation.csproj", "{F8DAF9C7-1CD1-4359-90B3-B4FA297906D7}"
EndProject
Project("{FAE04EC0-301F-11D3-BF4B-00C04F79EFBC}") = "Infrastructure", "Infrastructure\Infrastructure.csproj", "{2572C4DB-051A-4A4B-AD5B-DBA2DCDF905A}"
EndProject
Project("{FAE04EC0-301F-11D3-BF4B-00C04F79EFBC}") = "Domain", "Domain\Domain.csproj", "{721097C6-2B09-4B81-89B2-5027AE7D18F1}"
EndProject
Project("{FAE04EC0-301F-11D3-BF4B-00C04F79EFBC}") = "Application", "Application\Application.csproj", "{0CFD3344-39C4-415E-920D-332B62C66F5A}"
EndProject
Global
	GlobalSection(SolutionConfigurationPlatforms) = preSolution
		Debug|Any CPU = Debug|Any CPU
		Release|Any CPU = Release|Any CPU
	EndGlobalSection
	GlobalSection(ProjectConfigurationPlatforms) = postSolution
		{80D53675-E399-8271-9BB4-0E14B38ABD48}.Debug|Any CPU.ActiveCfg = Debug|Any CPU
		{80D53675-E399-8271-9BB4-0E14B38ABD48}.Debug|Any CPU.Build.0 = Debug|Any CPU
		{80D53675-E399-8271-9BB4-0E14B38ABD48}.Release|Any CPU.ActiveCfg = Release|Any CPU
		{80D53675-E399-8271-9BB4-0E14B38ABD48}.Release|Any CPU.Build.0 = Release|Any CPU
		{9AB1B45E-7593-4E1D-8ACB-4A5D13ED81BC}.Debug|Any CPU.ActiveCfg = Debug|Any CPU
		{9AB1B45E-7593-4E1D-8ACB-4A5D13ED81BC}.Debug|Any CPU.Build.0 = Debug|Any CPU
		{9AB1B45E-7593-4E1D-8ACB-4A5D13ED81BC}.Release|Any CPU.ActiveCfg = Release|Any CPU
		{9AB1B45E-7593-4E1D-8ACB-4A5D13ED81BC}.Release|Any CPU.Build.0 = Release|Any CPU
		{0EF131E2-4B0F-5BAC-8602-D7EBC786CCD4}.Debug|Any CPU.ActiveCfg = Debug|Any CPU
		{0EF131E2-4B0F-5BAC-8602-D7EBC786CCD4}.Debug|Any CPU.Build.0 = Debug|Any CPU
		{0EF131E2-4B0F-5BAC-8602-D7EBC786CCD4}.Release|Any CPU.ActiveCfg = Release|Any CPU
		{0EF131E2-4B0F-5BAC-8602-D7EBC786CCD4}.Release|Any CPU.Build.0 = Release|Any CPU
		{F8DAF9C7-1CD1-4359-90B3-B4FA297906D7}.Debug|Any CPU.ActiveCfg = Debug|Any CPU
		{F8DAF9C7-1CD1-4359-90B3-B4FA297906D7}.Debug|Any CPU.Build.0 = Debug|Any CPU
		{F8DAF9C7-1CD1-4359-90B3-B4FA297906D7}.Release|Any CPU.ActiveCfg = Release|Any CPU
		{F8DAF9C7-1CD1-4359-90B3-B4FA297906D7}.Release|Any CPU.Build.0 = Release|Any CPU
		{2572C4DB-051A-4A4B-AD5B-DBA2DCDF905A}.Debug|Any CPU.ActiveCfg = Debug|Any CPU
		{2572C4DB-051A-4A4B-AD5B-DBA2DCDF905A}.Debug|Any CPU.Build.0 = Debug|Any CPU
		{2572C4DB-051A-4A4B-AD5B-DBA2DCDF905A}.Release|Any CPU.ActiveCfg = Release|Any CPU
		{2572C4DB-051A-4A4B-AD5B-DBA2DCDF905A}.Release|Any CPU.Build.0 = Release|Any CPU
		{721097C6-2B09-4B81-89B2-5027AE7D18F1}.Debug|Any CPU.ActiveCfg = Debug|Any CPU
		{721097C6-2B09-4B81-89B2-5027AE7D18F1}.Debug|Any CPU.Build.0 = Debug|Any CPU
		{721097C6-2B09-4B81-89B2-5027AE7D18F1}.Release|Any CPU.ActiveCfg = Release|Any CPU
		{721097C6-2B09-4B81-89B2-5027AE7D18F1}.Release|Any CPU.Build.0 = Release|Any CPU
		{0CFD3344-39C4-415E-920D-332B62C66F5A}.Debug|Any CPU.ActiveCfg = Debug|Any CPU
		{0CFD3344-39C4-415E-920D-332B62C66F5A}.Debug|Any CPU.Build.0 = Debug|Any CPU
		{0CFD3344-39C4-415E-920D-332B62C66F5A}.Release|Any CPU.ActiveCfg = Release|Any CPU
		{0CFD3344-39C4-415E-920D-332B62C66F5A}.Release|Any CPU.Build.0 = Release|Any CPU
	EndGlobalSection
	GlobalSection(SolutionProperties) = preSolution
		HideSolutionNode = FALSE
	EndGlobalSection
	GlobalSection(NestedProjects) = preSolution
		{12618300-7A4E-41FA-9251-B7A50F5231CF} = {02EA681E-C7D8-13C7-8484-4AC65E1B71E8}
		{9C709DCF-715A-44CE-8A55-A108271201DE} = {02EA681E-C7D8-13C7-8484-4AC65E1B71E8}
		{F8DAF9C7-1CD1-4359-90B3-B4FA297906D7} = {12618300-7A4E-41FA-9251-B7A50F5231CF}
		{2572C4DB-051A-4A4B-AD5B-DBA2DCDF905A} = {12618300-7A4E-41FA-9251-B7A50F5231CF}
		{721097C6-2B09-4B81-89B2-5027AE7D18F1} = {12618300-7A4E-41FA-9251-B7A50F5231CF}
		{0CFD3344-39C4-415E-920D-332B62C66F5A} = {12618300-7A4E-41FA-9251-B7A50F5231CF}
	EndGlobalSection
	GlobalSection(ExtensibilityGlobals) = postSolution
		SolutionGuid = {4DE1AAA4-A69F-4962-8214-7D23CA571DA7}
	EndGlobalSection
EndGlobal
