
Microsoft Visual Studio Solution File, Format Version 12.00
# Visual Studio Version 17
VisualStudioVersion = 17.14.36414.22
MinimumVisualStudioVersion = 10.0.40219.1
Project("{FAE04EC0-301F-11D3-BF4B-00C04F79EFBC}") = "BackendProject", "BackendProject\BackendProject.csproj", "{80D53675-E399-8271-9BB4-0E14B38ABD48}"
EndProject
Project("{FAE04EC0-301F-11D3-BF4B-00C04F79EFBC}") = "BackendProject.AppHost", "BackendProject.AppHost\BackendProject.AppHost.csproj", "{9AB1B45E-7593-4E1D-8ACB-4A5D13ED81BC}"
EndProject
Project("{FAE04EC0-301F-11D3-BF4B-00C04F79EFBC}") = "BackendProject.ServiceDefaults", "BackendProject.ServiceDefaults\BackendProject.ServiceDefaults.csproj", "{0EF131E2-4B0F-5BAC-8602-D7EBC786CCD4}"
EndProject
Project("{2150E333-8FDC-42A3-9474-1A3956D46DE8}") = "Modules", "Modules", "{02EA681E-C7D8-13C7-8484-4AC65E1B71E8}"
EndProject
Project("{2150E333-8FDC-42A3-9474-1A3956D46DE8}") = "Inventory", "Inventory", "{12618300-7A4E-41FA-9251-B7A50F5231CF}"
EndProject
Project("{FAE04EC0-301F-11D3-BF4B-00C04F79EFBC}") = "Inventory.Presentation", "Presentation\Inventory.Presentation.csproj", "{F8DAF9C7-1CD1-4359-90B3-B4FA297906D7}"
EndProject
Project("{FAE04EC0-301F-11D3-BF4B-00C04F79EFBC}") = "Inventory.Infrastructure", "Infrastructure\Inventory.Infrastructure.csproj", "{2572C4DB-051A-4A4B-AD5B-DBA2DCDF905A}"
EndProject
Project("{FAE04EC0-301F-11D3-BF4B-00C04F79EFBC}") = "Inventory.Domain", "Domain\Inventory.Domain.csproj", "{721097C6-2B09-4B81-89B2-5027AE7D18F1}"
EndProject
Project("{FAE04EC0-301F-11D3-BF4B-00C04F79EFBC}") = "Inventory.Application", "Application\Inventory.Application.csproj", "{0CFD3344-39C4-415E-920D-332B62C66F5A}"
EndProject
Project("{2150E333-8FDC-42A3-9474-1A3956D46DE8}") = "Orders", "Orders", "{4C991216-C7DF-413C-A790-510024404948}"
EndProject
Project("{FAE04EC0-301F-11D3-BF4B-00C04F79EFBC}") = "Orders.Application", "Orders.Application\Orders.Application.csproj", "{8D1AF0C1-211A-41B9-9B75-7EA67B87D7D4}"
EndProject
Project("{FAE04EC0-301F-11D3-BF4B-00C04F79EFBC}") = "Orders.Infrastructure", "Orders.Infrastructure\Orders.Infrastructure.csproj", "{D38085AB-B0A7-4E7C-AF44-92969AAA93EC}"
EndProject
Project("{FAE04EC0-301F-11D3-BF4B-00C04F79EFBC}") = "Orders.Domain", "Orders.Domain\Orders.Domain.csproj", "{9D24E804-250D-4B1E-900B-8B503FB07848}"
EndProject
Project("{FAE04EC0-301F-11D3-BF4B-00C04F79EFBC}") = "Orders.Presentation", "Orders.Presentation\Orders.Presentation.csproj", "{92C23484-B3A0-4DDA-A730-E3641AFA1D05}"
EndProject
Project("{2150E333-8FDC-42A3-9474-1A3956D46DE8}") = "Messaging", "Messaging", "{05345C4B-F910-416D-8988-503947BB324E}"
EndProject
Project("{FAE04EC0-301F-11D3-BF4B-00C04F79EFBC}") = "Messaging.Application", "Messaging.Application\Messaging.Application.csproj", "{822A81AA-4057-4906-8405-0F01686F432D}"
EndProject
Project("{2150E333-8FDC-42A3-9474-1A3956D46DE8}") = "ApiClient", "ApiClient", "{17CD664E-1545-4513-B659-F82C3C1DC0A7}"
EndProject
Project("{FAE04EC0-301F-11D3-BF4B-00C04F79EFBC}") = "ApiClient.Application", "ApiClient.Application\ApiClient.Application.csproj", "{2FE34B59-C5C2-4346-993F-9195EB8DD27C}"
EndProject
Project("{2150E333-8FDC-42A3-9474-1A3956D46DE8}") = "Shared", "Shared", "{6BE7EEC0-9618-4B18-8587-38E35ACB1E61}"
EndProject
Project("{FAE04EC0-301F-11D3-BF4B-00C04F79EFBC}") = "Shared.Resources", "Shared.Models\Shared.Resources.csproj", "{FFFD77F3-2D5F-4122-B1AA-6817411F64AA}"
EndProject
Project("{2150E333-8FDC-42A3-9474-1A3956D46DE8}") = "MailSender", "MailSender", "{4FEDD3EF-2D6E-465E-9ABF-A8A7777D09E5}"
EndProject
Project("{FAE04EC0-301F-11D3-BF4B-00C04F79EFBC}") = "MailSender.Application", "MailSender.Application\MailSender.Application.csproj", "{A3DA801B-6E15-4715-98BB-12A92D0123C7}"
EndProject
Project("{2150E333-8FDC-42A3-9474-1A3956D46DE8}") = "OrderClosingTool", "OrderClosingTool", "{27AC66CA-BA20-47F5-AB39-2D719B436836}"
EndProject
Project("{FAE04EC0-301F-11D3-BF4B-00C04F79EFBC}") = "OrderClose.Application", "OrderClose.Application\OrderClose.Application.csproj", "{AFAD5D7E-5E4F-41FA-89B5-40FC453F2C1B}"
EndProject
Global
	GlobalSection(SolutionConfigurationPlatforms) = preSolution
		Debug|Any CPU = Debug|Any CPU
		Release|Any CPU = Release|Any CPU
	EndGlobalSection
	GlobalSection(ProjectConfigurationPlatforms) = postSolution
		{80D53675-E399-8271-9BB4-0E14B38ABD48}.Debug|Any CPU.ActiveCfg = Debug|Any CPU
		{80D53675-E399-8271-9BB4-0E14B38ABD48}.Debug|Any CPU.Build.0 = Debug|Any CPU
		{80D53675-E399-8271-9BB4-0E14B38ABD48}.Release|Any CPU.ActiveCfg = Release|Any CPU
		{80D53675-E399-8271-9BB4-0E14B38ABD48}.Release|Any CPU.Build.0 = Release|Any CPU
		{9AB1B45E-7593-4E1D-8ACB-4A5D13ED81BC}.Debug|Any CPU.ActiveCfg = Debug|Any CPU
		{9AB1B45E-7593-4E1D-8ACB-4A5D13ED81BC}.Debug|Any CPU.Build.0 = Debug|Any CPU
		{9AB1B45E-7593-4E1D-8ACB-4A5D13ED81BC}.Release|Any CPU.ActiveCfg = Release|Any CPU
		{9AB1B45E-7593-4E1D-8ACB-4A5D13ED81BC}.Release|Any CPU.Build.0 = Release|Any CPU
		{0EF131E2-4B0F-5BAC-8602-D7EBC786CCD4}.Debug|Any CPU.ActiveCfg = Debug|Any CPU
		{0EF131E2-4B0F-5BAC-8602-D7EBC786CCD4}.Debug|Any CPU.Build.0 = Debug|Any CPU
		{0EF131E2-4B0F-5BAC-8602-D7EBC786CCD4}.Release|Any CPU.ActiveCfg = Release|Any CPU
		{0EF131E2-4B0F-5BAC-8602-D7EBC786CCD4}.Release|Any CPU.Build.0 = Release|Any CPU
		{F8DAF9C7-1CD1-4359-90B3-B4FA297906D7}.Debug|Any CPU.ActiveCfg = Debug|Any CPU
		{F8DAF9C7-1CD1-4359-90B3-B4FA297906D7}.Debug|Any CPU.Build.0 = Debug|Any CPU
		{F8DAF9C7-1CD1-4359-90B3-B4FA297906D7}.Release|Any CPU.ActiveCfg = Release|Any CPU
		{F8DAF9C7-1CD1-4359-90B3-B4FA297906D7}.Release|Any CPU.Build.0 = Release|Any CPU
		{2572C4DB-051A-4A4B-AD5B-DBA2DCDF905A}.Debug|Any CPU.ActiveCfg = Debug|Any CPU
		{2572C4DB-051A-4A4B-AD5B-DBA2DCDF905A}.Debug|Any CPU.Build.0 = Debug|Any CPU
		{2572C4DB-051A-4A4B-AD5B-DBA2DCDF905A}.Release|Any CPU.ActiveCfg = Release|Any CPU
		{2572C4DB-051A-4A4B-AD5B-DBA2DCDF905A}.Release|Any CPU.Build.0 = Release|Any CPU
		{721097C6-2B09-4B81-89B2-5027AE7D18F1}.Debug|Any CPU.ActiveCfg = Debug|Any CPU
		{721097C6-2B09-4B81-89B2-5027AE7D18F1}.Debug|Any CPU.Build.0 = Debug|Any CPU
		{721097C6-2B09-4B81-89B2-5027AE7D18F1}.Release|Any CPU.ActiveCfg = Release|Any CPU
		{721097C6-2B09-4B81-89B2-5027AE7D18F1}.Release|Any CPU.Build.0 = Release|Any CPU
		{0CFD3344-39C4-415E-920D-332B62C66F5A}.Debug|Any CPU.ActiveCfg = Debug|Any CPU
		{0CFD3344-39C4-415E-920D-332B62C66F5A}.Debug|Any CPU.Build.0 = Debug|Any CPU
		{0CFD3344-39C4-415E-920D-332B62C66F5A}.Release|Any CPU.ActiveCfg = Release|Any CPU
		{0CFD3344-39C4-415E-920D-332B62C66F5A}.Release|Any CPU.Build.0 = Release|Any CPU
		{8D1AF0C1-211A-41B9-9B75-7EA67B87D7D4}.Debug|Any CPU.ActiveCfg = Debug|Any CPU
		{8D1AF0C1-211A-41B9-9B75-7EA67B87D7D4}.Debug|Any CPU.Build.0 = Debug|Any CPU
		{8D1AF0C1-211A-41B9-9B75-7EA67B87D7D4}.Release|Any CPU.ActiveCfg = Release|Any CPU
		{8D1AF0C1-211A-41B9-9B75-7EA67B87D7D4}.Release|Any CPU.Build.0 = Release|Any CPU
		{D38085AB-B0A7-4E7C-AF44-92969AAA93EC}.Debug|Any CPU.ActiveCfg = Debug|Any CPU
		{D38085AB-B0A7-4E7C-AF44-92969AAA93EC}.Debug|Any CPU.Build.0 = Debug|Any CPU
		{D38085AB-B0A7-4E7C-AF44-92969AAA93EC}.Release|Any CPU.ActiveCfg = Release|Any CPU
		{D38085AB-B0A7-4E7C-AF44-92969AAA93EC}.Release|Any CPU.Build.0 = Release|Any CPU
		{9D24E804-250D-4B1E-900B-8B503FB07848}.Debug|Any CPU.ActiveCfg = Debug|Any CPU
		{9D24E804-250D-4B1E-900B-8B503FB07848}.Debug|Any CPU.Build.0 = Debug|Any CPU
		{9D24E804-250D-4B1E-900B-8B503FB07848}.Release|Any CPU.ActiveCfg = Release|Any CPU
		{9D24E804-250D-4B1E-900B-8B503FB07848}.Release|Any CPU.Build.0 = Release|Any CPU
		{92C23484-B3A0-4DDA-A730-E3641AFA1D05}.Debug|Any CPU.ActiveCfg = Debug|Any CPU
		{92C23484-B3A0-4DDA-A730-E3641AFA1D05}.Debug|Any CPU.Build.0 = Debug|Any CPU
		{92C23484-B3A0-4DDA-A730-E3641AFA1D05}.Release|Any CPU.ActiveCfg = Release|Any CPU
		{92C23484-B3A0-4DDA-A730-E3641AFA1D05}.Release|Any CPU.Build.0 = Release|Any CPU
		{822A81AA-4057-4906-8405-0F01686F432D}.Debug|Any CPU.ActiveCfg = Debug|Any CPU
		{822A81AA-4057-4906-8405-0F01686F432D}.Debug|Any CPU.Build.0 = Debug|Any CPU
		{822A81AA-4057-4906-8405-0F01686F432D}.Release|Any CPU.ActiveCfg = Release|Any CPU
		{822A81AA-4057-4906-8405-0F01686F432D}.Release|Any CPU.Build.0 = Release|Any CPU
		{2FE34B59-C5C2-4346-993F-9195EB8DD27C}.Debug|Any CPU.ActiveCfg = Debug|Any CPU
		{2FE34B59-C5C2-4346-993F-9195EB8DD27C}.Debug|Any CPU.Build.0 = Debug|Any CPU
		{2FE34B59-C5C2-4346-993F-9195EB8DD27C}.Release|Any CPU.ActiveCfg = Release|Any CPU
		{2FE34B59-C5C2-4346-993F-9195EB8DD27C}.Release|Any CPU.Build.0 = Release|Any CPU
		{FFFD77F3-2D5F-4122-B1AA-6817411F64AA}.Debug|Any CPU.ActiveCfg = Debug|Any CPU
		{FFFD77F3-2D5F-4122-B1AA-6817411F64AA}.Debug|Any CPU.Build.0 = Debug|Any CPU
		{FFFD77F3-2D5F-4122-B1AA-6817411F64AA}.Release|Any CPU.ActiveCfg = Release|Any CPU
		{FFFD77F3-2D5F-4122-B1AA-6817411F64AA}.Release|Any CPU.Build.0 = Release|Any CPU
		{A3DA801B-6E15-4715-98BB-12A92D0123C7}.Debug|Any CPU.ActiveCfg = Debug|Any CPU
		{A3DA801B-6E15-4715-98BB-12A92D0123C7}.Debug|Any CPU.Build.0 = Debug|Any CPU
		{A3DA801B-6E15-4715-98BB-12A92D0123C7}.Release|Any CPU.ActiveCfg = Release|Any CPU
		{A3DA801B-6E15-4715-98BB-12A92D0123C7}.Release|Any CPU.Build.0 = Release|Any CPU
		{AFAD5D7E-5E4F-41FA-89B5-40FC453F2C1B}.Debug|Any CPU.ActiveCfg = Debug|Any CPU
		{AFAD5D7E-5E4F-41FA-89B5-40FC453F2C1B}.Debug|Any CPU.Build.0 = Debug|Any CPU
		{AFAD5D7E-5E4F-41FA-89B5-40FC453F2C1B}.Release|Any CPU.ActiveCfg = Release|Any CPU
		{AFAD5D7E-5E4F-41FA-89B5-40FC453F2C1B}.Release|Any CPU.Build.0 = Release|Any CPU
	EndGlobalSection
	GlobalSection(SolutionProperties) = preSolution
		HideSolutionNode = FALSE
	EndGlobalSection
	GlobalSection(NestedProjects) = preSolution
		{12618300-7A4E-41FA-9251-B7A50F5231CF} = {02EA681E-C7D8-13C7-8484-4AC65E1B71E8}
		{F8DAF9C7-1CD1-4359-90B3-B4FA297906D7} = {12618300-7A4E-41FA-9251-B7A50F5231CF}
		{2572C4DB-051A-4A4B-AD5B-DBA2DCDF905A} = {12618300-7A4E-41FA-9251-B7A50F5231CF}
		{721097C6-2B09-4B81-89B2-5027AE7D18F1} = {12618300-7A4E-41FA-9251-B7A50F5231CF}
		{0CFD3344-39C4-415E-920D-332B62C66F5A} = {12618300-7A4E-41FA-9251-B7A50F5231CF}
		{4C991216-C7DF-413C-A790-510024404948} = {02EA681E-C7D8-13C7-8484-4AC65E1B71E8}
		{8D1AF0C1-211A-41B9-9B75-7EA67B87D7D4} = {4C991216-C7DF-413C-A790-510024404948}
		{D38085AB-B0A7-4E7C-AF44-92969AAA93EC} = {4C991216-C7DF-413C-A790-510024404948}
		{9D24E804-250D-4B1E-900B-8B503FB07848} = {4C991216-C7DF-413C-A790-510024404948}
		{92C23484-B3A0-4DDA-A730-E3641AFA1D05} = {4C991216-C7DF-413C-A790-510024404948}
		{05345C4B-F910-416D-8988-503947BB324E} = {02EA681E-C7D8-13C7-8484-4AC65E1B71E8}
		{822A81AA-4057-4906-8405-0F01686F432D} = {05345C4B-F910-416D-8988-503947BB324E}
		{17CD664E-1545-4513-B659-F82C3C1DC0A7} = {02EA681E-C7D8-13C7-8484-4AC65E1B71E8}
		{2FE34B59-C5C2-4346-993F-9195EB8DD27C} = {17CD664E-1545-4513-B659-F82C3C1DC0A7}
		{6BE7EEC0-9618-4B18-8587-38E35ACB1E61} = {02EA681E-C7D8-13C7-8484-4AC65E1B71E8}
		{FFFD77F3-2D5F-4122-B1AA-6817411F64AA} = {6BE7EEC0-9618-4B18-8587-38E35ACB1E61}
		{4FEDD3EF-2D6E-465E-9ABF-A8A7777D09E5} = {02EA681E-C7D8-13C7-8484-4AC65E1B71E8}
		{A3DA801B-6E15-4715-98BB-12A92D0123C7} = {4FEDD3EF-2D6E-465E-9ABF-A8A7777D09E5}
		{27AC66CA-BA20-47F5-AB39-2D719B436836} = {02EA681E-C7D8-13C7-8484-4AC65E1B71E8}
		{AFAD5D7E-5E4F-41FA-89B5-40FC453F2C1B} = {27AC66CA-BA20-47F5-AB39-2D719B436836}
	EndGlobalSection
	GlobalSection(ExtensibilityGlobals) = postSolution
		SolutionGuid = {4DE1AAA4-A69F-4962-8214-7D23CA571DA7}
	EndGlobalSection
EndGlobal
